{
  "version": 4,
  "terraform_version": "1.2.2",
  "serial": 5,
  "lineage": "6614ce3a-7a11-fb19-8416-e29b02702a9f",
  "outputs": {},
  "resources": [
    {
      "mode": "managed",
      "type": "local_file",
      "name": "literature",
      "provider": "provider[\"registry.terraform.io/hashicorp/local\"]",
      "instances": [
        {
          "schema_version": 0,
          "attributes": {
            "content": "Hello World!\r\nThis local resource will be created after terraform apply.\r\n",
            "content_base64": null,
            "directory_permission": "0777",
            "file_permission": "0777",
            "filename": "hello_world.txt",
            "id": "b1c5877efdddc5c6b068b3f9337b181c8512c059",
            "sensitive_content": null,
            "source": null
          },
          "sensitive_attributes": [],
          "private": "bnVsbA=="
        }
      ]
    }
  ]
}
